
Microsoft Visual Studio Solution File, Format Version 12.00
# Visual Studio Version 17
VisualStudioVersion = 17.5.33627.172
MinimumVisualStudioVersion = 10.0.40219.1
Project("{FAE04EC0-301F-11D3-BF4B-00C04F79EFBC}") = "ENROLLEMENT SYSTEM BSIT32E2", "ENROLLEMENT SYSTEM BSIT32E2\ENROLLEMENT SYSTEM BSIT32E2.csproj", "{09E8F715-9209-47E5-8B7E-1CDED98B34CE}"
EndProject
Global
	GlobalSection(SolutionConfigurationPlatforms) = preSolution
		Debug|Any CPU = Debug|Any CPU
		Release|Any CPU = Release|Any CPU
	EndGlobalSection
	GlobalSection(ProjectConfigurationPlatforms) = postSolution
		{09E8F715-9209-47E5-8B7E-1CDED98B34CE}.Debug|Any CPU.ActiveCfg = Debug|Any CPU
		{09E8F715-9209-47E5-8B7E-1CDED98B34CE}.Debug|Any CPU.Build.0 = Debug|Any CPU
		{09E8F715-9209-47E5-8B7E-1CDED98B34CE}.Release|Any CPU.ActiveCfg = Release|Any CPU
		{09E8F715-9209-47E5-8B7E-1CDED98B34CE}.Release|Any CPU.Build.0 = Release|Any CPU
	EndGlobalSection
	GlobalSection(SolutionProperties) = preSolution
		HideSolutionNode = FALSE
	EndGlobalSection
	GlobalSection(ExtensibilityGlobals) = postSolution
		SolutionGuid = {704316DD-8C18-4BA7-A934-593FFA628588}
	EndGlobalSection
EndGlobal
